
Microsoft Visual Studio Solution File, Format Version 12.00
# Visual Studio Version 16
VisualStudioVersion = 16.0.30517.126
MinimumVisualStudioVersion = 10.0.40219.1
Project("{FAE04EC0-301F-11D3-BF4B-00C04F79EFBC}") = "Laba3Inform", "Laba3Inform\Laba3Inform.csproj", "{5D9728C1-F8FA-4E36-898A-A90DA1E4F68B}"
EndProject
Global
	GlobalSection(SolutionConfigurationPlatforms) = preSolution
		Debug|Any CPU = Debug|Any CPU
		Release|Any CPU = Release|Any CPU
	EndGlobalSection
	GlobalSection(ProjectConfigurationPlatforms) = postSolution
		{5D9728C1-F8FA-4E36-898A-A90DA1E4F68B}.Debug|Any CPU.ActiveCfg = Debug|Any CPU
		{5D9728C1-F8FA-4E36-898A-A90DA1E4F68B}.Debug|Any CPU.Build.0 = Debug|Any CPU
		{5D9728C1-F8FA-4E36-898A-A90DA1E4F68B}.Release|Any CPU.ActiveCfg = Release|Any CPU
		{5D9728C1-F8FA-4E36-898A-A90DA1E4F68B}.Release|Any CPU.Build.0 = Release|Any CPU
	EndGlobalSection
	GlobalSection(SolutionProperties) = preSolution
		HideSolutionNode = FALSE
	EndGlobalSection
	GlobalSection(ExtensibilityGlobals) = postSolution
		SolutionGuid = {5380B450-718D-40BA-B56D-8DF620EDC757}
	EndGlobalSection
EndGlobal
